
Microsoft Visual Studio Solution File, Format Version 12.00
# Visual Studio Version 16
VisualStudioVersion = 16.0.31019.35
MinimumVisualStudioVersion = 10.0.40219.1
Project("{FAE04EC0-301F-11D3-BF4B-00C04F79EFBC}") = "CS", "CS.csproj", "{EEA37385-2074-40E1-BCB4-EAD1DEB3198F}"
EndProject
Global
	GlobalSection(SolutionConfigurationPlatforms) = preSolution
		Debug|Any CPU = Debug|Any CPU
		Release|Any CPU = Release|Any CPU
	EndGlobalSection
	GlobalSection(ProjectConfigurationPlatforms) = postSolution
		{EEA37385-2074-40E1-BCB4-EAD1DEB3198F}.Debug|Any CPU.ActiveCfg = Debug|Any CPU
		{EEA37385-2074-40E1-BCB4-EAD1DEB3198F}.Debug|Any CPU.Build.0 = Debug|Any CPU
		{EEA37385-2074-40E1-BCB4-EAD1DEB3198F}.Release|Any CPU.ActiveCfg = Release|Any CPU
		{EEA37385-2074-40E1-BCB4-EAD1DEB3198F}.Release|Any CPU.Build.0 = Release|Any CPU
	EndGlobalSection
	GlobalSection(SolutionProperties) = preSolution
		HideSolutionNode = FALSE
	EndGlobalSection
	GlobalSection(ExtensibilityGlobals) = postSolution
		SolutionGuid = {C724E2A6-4E08-46B3-8FA1-3562141CA31E}
	EndGlobalSection
EndGlobal
